// !$*UTF8*$!
{
	archiveVersion = 1;
	classes = {
	};
	objectVersion = 56;
	objects = {

/* Begin PBXBuildFile section */
		089A7DFD2AB181DE00E5ACCE /* AppDelegate.swift in Sources */ = {isa = PBXBuildFile; fileRef = 089A7DFC2AB181DE00E5ACCE /* AppDelegate.swift */; };
		089A7DFF2AB181DE00E5ACCE /* SceneDelegate.swift in Sources */ = {isa = PBXBuildFile; fileRef = 089A7DFE2AB181DE00E5ACCE /* SceneDelegate.swift */; };
		089A7E012AB181DE00E5ACCE /* ViewController.swift in Sources */ = {isa = PBXBuildFile; fileRef = 089A7E002AB181DE00E5ACCE /* ViewController.swift */; };
		089A7E042AB181DE00E5ACCE /* Main.storyboard in Resources */ = {isa = PBXBuildFile; fileRef = 089A7E022AB181DE00E5ACCE /* Main.storyboard */; };
		089A7E062AB181E000E5ACCE /* Assets.xcassets in Resources */ = {isa = PBXBuildFile; fileRef = 089A7E052AB181E000E5ACCE /* Assets.xcassets */; };
		089A7E092AB181E000E5ACCE /* LaunchScreen.storyboard in Resources */ = {isa = PBXBuildFile; fileRef = 089A7E072AB181E000E5ACCE /* LaunchScreen.storyboard */; };
		089A7E142AB1852300E5ACCE /* Member.swift in Sources */ = {isa = PBXBuildFile; fileRef = 089A7E132AB1852300E5ACCE /* Member.swift */; };
		089A7E162AB18BC200E5ACCE /* MemberListManager.swift in Sources */ = {isa = PBXBuildFile; fileRef = 089A7E152AB18BC200E5ACCE /* MemberListManager.swift */; };
		089A7E182AB18F3800E5ACCE /* MyTableViewCell.swift in Sources */ = {isa = PBXBuildFile; fileRef = 089A7E172AB18F3800E5ACCE /* MyTableViewCell.swift */; };
		08B1A1E82AB1BDDC005B0CFC /* DetailViewController.swift in Sources */ = {isa = PBXBuildFile; fileRef = 08B1A1E72AB1BDDC005B0CFC /* DetailViewController.swift */; };
		08B1A1EA2AB1BDF5005B0CFC /* DetailView.swift in Sources */ = {isa = PBXBuildFile; fileRef = 08B1A1E92AB1BDF5005B0CFC /* DetailView.swift */; };
/* End PBXBuildFile section */

/* Begin PBXFileReference section */
		089A7DF92AB181DE00E5ACCE /* MemberList.app */ = {isa = PBXFileReference; explicitFileType = wrapper.application; includeInIndex = 0; path = MemberList.app; sourceTree = BUILT_PRODUCTS_DIR; };
		089A7DFC2AB181DE00E5ACCE /* AppDelegate.swift */ = {isa = PBXFileReference; lastKnownFileType = sourcecode.swift; path = AppDelegate.swift; sourceTree = "<group>"; };
		089A7DFE2AB181DE00E5ACCE /* SceneDelegate.swift */ = {isa = PBXFileReference; lastKnownFileType = sourcecode.swift; path = SceneDelegate.swift; sourceTree = "<group>"; };
		089A7E002AB181DE00E5ACCE /* ViewController.swift */ = {isa = PBXFileReference; lastKnownFileType = sourcecode.swift; path = ViewController.swift; sourceTree = "<group>"; };
		089A7E032AB181DE00E5ACCE /* Base */ = {isa = PBXFileReference; lastKnownFileType = file.storyboard; name = Base; path = Base.lproj/Main.storyboard; sourceTree = "<group>"; };
		089A7E052AB181E000E5ACCE /* Assets.xcassets */ = {isa = PBXFileReference; lastKnownFileType = folder.assetcatalog; path = Assets.xcassets; sourceTree = "<group>"; };
		089A7E082AB181E000E5ACCE /* Base */ = {isa = PBXFileReference; lastKnownFileType = file.storyboard; name = Base; path = Base.lproj/LaunchScreen.storyboard; sourceTree = "<group>"; };
		089A7E0A2AB181E000E5ACCE /* Info.plist */ = {isa = PBXFileReference; lastKnownFileType = text.plist.xml; path = Info.plist; sourceTree = "<group>"; };
		089A7E132AB1852300E5ACCE /* Member.swift */ = {isa = PBXFileReference; lastKnownFileType = sourcecode.swift; path = Member.swift; sourceTree = "<group>"; };
		089A7E152AB18BC200E5ACCE /* MemberListManager.swift */ = {isa = PBXFileReference; lastKnownFileType = sourcecode.swift; path = MemberListManager.swift; sourceTree = "<group>"; };
		089A7E172AB18F3800E5ACCE /* MyTableViewCell.swift */ = {isa = PBXFileReference; lastKnownFileType = sourcecode.swift; path = MyTableViewCell.swift; sourceTree = "<group>"; };
		08B1A1E72AB1BDDC005B0CFC /* DetailViewController.swift */ = {isa = PBXFileReference; lastKnownFileType = sourcecode.swift; path = DetailViewController.swift; sourceTree = "<group>"; };
		08B1A1E92AB1BDF5005B0CFC /* DetailView.swift */ = {isa = PBXFileReference; lastKnownFileType = sourcecode.swift; path = DetailView.swift; sourceTree = "<group>"; };
/* End PBXFileReference section */

/* Begin PBXFrameworksBuildPhase section */
		089A7DF62AB181DE00E5ACCE /* Frameworks */ = {
			isa = PBXFrameworksBuildPhase;
			buildActionMask = 2147483647;
			files = (
			);
			runOnlyForDeploymentPostprocessing = 0;
		};
/* End PBXFrameworksBuildPhase section */

/* Begin PBXGroup section */
		089A7DF02AB181DE00E5ACCE = {
			isa = PBXGroup;
			children = (
				089A7DFB2AB181DE00E5ACCE /* MemberList */,
				089A7DFA2AB181DE00E5ACCE /* Products */,
			);
			sourceTree = "<group>";
		};
		089A7DFA2AB181DE00E5ACCE /* Products */ = {
			isa = PBXGroup;
			children = (
				089A7DF92AB181DE00E5ACCE /* MemberList.app */,
			);
			name = Products;
			sourceTree = "<group>";
		};
		089A7DFB2AB181DE00E5ACCE /* MemberList */ = {
			isa = PBXGroup;
			children = (
				089A7DFC2AB181DE00E5ACCE /* AppDelegate.swift */,
				089A7DFE2AB181DE00E5ACCE /* SceneDelegate.swift */,
				089A7E122AB184FA00E5ACCE /* Models */,
				089A7E112AB184F400E5ACCE /* Views */,
				089A7E102AB184ED00E5ACCE /* Controllers */,
				089A7E052AB181E000E5ACCE /* Assets.xcassets */,
				089A7E072AB181E000E5ACCE /* LaunchScreen.storyboard */,
				089A7E0A2AB181E000E5ACCE /* Info.plist */,
			);
			path = MemberList;
			sourceTree = "<group>";
		};
		089A7E102AB184ED00E5ACCE /* Controllers */ = {
			isa = PBXGroup;
			children = (
				089A7E002AB181DE00E5ACCE /* ViewController.swift */,
				08B1A1E72AB1BDDC005B0CFC /* DetailViewController.swift */,
			);
			path = Controllers;
			sourceTree = "<group>";
		};
		089A7E112AB184F400E5ACCE /* Views */ = {
			isa = PBXGroup;
			children = (
				089A7E022AB181DE00E5ACCE /* Main.storyboard */,
				089A7E172AB18F3800E5ACCE /* MyTableViewCell.swift */,
				08B1A1E92AB1BDF5005B0CFC /* DetailView.swift */,
			);
			path = Views;
			sourceTree = "<group>";
		};
		089A7E122AB184FA00E5ACCE /* Models */ = {
			isa = PBXGroup;
			children = (
				089A7E132AB1852300E5ACCE /* Member.swift */,
				089A7E152AB18BC200E5ACCE /* MemberListManager.swift */,
			);
			path = Models;
			sourceTree = "<group>";
		};
/* End PBXGroup section */

/* Begin PBXNativeTarget section */
		089A7DF82AB181DE00E5ACCE /* MemberList */ = {
			isa = PBXNativeTarget;
			buildConfigurationList = 089A7E0D2AB181E000E5ACCE /* Build configuration list for PBXNativeTarget "MemberList" */;
			buildPhases = (
				089A7DF52AB181DE00E5ACCE /* Sources */,
				089A7DF62AB181DE00E5ACCE /* Frameworks */,
				089A7DF72AB181DE00E5ACCE /* Resources */,
			);
			buildRules = (
			);
			dependencies = (
			);
			name = MemberList;
			productName = MemberList;
			productReference = 089A7DF92AB181DE00E5ACCE /* MemberList.app */;
			productType = "com.apple.product-type.application";
		};
/* End PBXNativeTarget section */

/* Begin PBXProject section */
		089A7DF12AB181DE00E5ACCE /* Project object */ = {
			isa = PBXProject;
			attributes = {
				BuildIndependentTargetsInParallel = 1;
				LastSwiftUpdateCheck = 1430;
				LastUpgradeCheck = 1430;
				TargetAttributes = {
					089A7DF82AB181DE00E5ACCE = {
						CreatedOnToolsVersion = 14.3.1;
					};
				};
			};
			buildConfigurationList = 089A7DF42AB181DE00E5ACCE /* Build configuration list for PBXProject "MemberList" */;
			compatibilityVersion = "Xcode 14.0";
			developmentRegion = en;
			hasScannedForEncodings = 0;
			knownRegions = (
				en,
				Base,
			);
			mainGroup = 089A7DF02AB181DE00E5ACCE;
			productRefGroup = 089A7DFA2AB181DE00E5ACCE /* Products */;
			projectDirPath = "";
			projectRoot = "";
			targets = (
				089A7DF82AB181DE00E5ACCE /* MemberList */,
			);
		};
/* End PBXProject section */

/* Begin PBXResourcesBuildPhase section */
		089A7DF72AB181DE00E5ACCE /* Resources */ = {
			isa = PBXResourcesBuildPhase;
			buildActionMask = 2147483647;
			files = (
				089A7E092AB181E000E5ACCE /* LaunchScreen.storyboard in Resources */,
				089A7E062AB181E000E5ACCE /* Assets.xcassets in Resources */,
				089A7E042AB181DE00E5ACCE /* Main.storyboard in Resources */,
			);
			runOnlyForDeploymentPostprocessing = 0;
		};
/* End PBXResourcesBuildPhase section */

/* Begin PBXSourcesBuildPhase section */
		089A7DF52AB181DE00E5ACCE /* Sources */ = {
			isa = PBXSourcesBuildPhase;
			buildActionMask = 2147483647;
			files = (
				089A7E162AB18BC200E5ACCE /* MemberListManager.swift in Sources */,
				08B1A1EA2AB1BDF5005B0CFC /* DetailView.swift in Sources */,
				089A7E012AB181DE00E5ACCE /* ViewController.swift in Sources */,
				089A7DFD2AB181DE00E5ACCE /* AppDelegate.swift in Sources */,
				089A7DFF2AB181DE00E5ACCE /* SceneDelegate.swift in Sources */,
				089A7E142AB1852300E5ACCE /* Member.swift in Sources */,
				089A7E182AB18F3800E5ACCE /* MyTableViewCell.swift in Sources */,
				08B1A1E82AB1BDDC005B0CFC /* DetailViewController.swift in Sources */,
			);
			runOnlyForDeploymentPostprocessing = 0;
		};
/* End PBXSourcesBuildPhase section */

/* Begin PBXVariantGroup section */
		089A7E022AB181DE00E5ACCE /* Main.storyboard */ = {
			isa = PBXVariantGroup;
			children = (
				089A7E032AB181DE00E5ACCE /* Base */,
			);
			name = Main.storyboard;
			sourceTree = "<group>";
		};
		089A7E072AB181E000E5ACCE /* LaunchScreen.storyboard */ = {
			isa = PBXVariantGroup;
			children = (
				089A7E082AB181E000E5ACCE /* Base */,
			);
			name = LaunchScreen.storyboard;
			sourceTree = "<group>";
		};
/* End PBXVariantGroup section */

/* Begin XCBuildConfiguration section */
		089A7E0B2AB181E000E5ACCE /* Debug */ = {
			isa = XCBuildConfiguration;
			buildSettings = {
				ALWAYS_SEARCH_USER_PATHS = NO;
				CLANG_ANALYZER_NONNULL = YES;
				CLANG_ANALYZER_NUMBER_OBJECT_CONVERSION = YES_AGGRESSIVE;
				CLANG_CXX_LANGUAGE_STANDARD = "gnu++20";
				CLANG_ENABLE_MODULES = YES;
				CLANG_ENABLE_OBJC_ARC = YES;
				CLANG_ENABLE_OBJC_WEAK = YES;
				CLANG_WARN_BLOCK_CAPTURE_AUTORELEASING = YES;
				CLANG_WARN_BOOL_CONVERSION = YES;
				CLANG_WARN_COMMA = YES;
				CLANG_WARN_CONSTANT_CONVERSION = YES;
				CLANG_WARN_DEPRECATED_OBJC_IMPLEMENTATIONS = YES;
				CLANG_WARN_DIRECT_OBJC_ISA_USAGE = YES_ERROR;
				CLANG_WARN_DOCUMENTATION_COMMENTS = YES;
				CLANG_WARN_EMPTY_BODY = YES;
				CLANG_WARN_ENUM_CONVERSION = YES;
				CLANG_WARN_INFINITE_RECURSION = YES;
				CLANG_WARN_INT_CONVERSION = YES;
				CLANG_WARN_NON_LITERAL_NULL_CONVERSION = YES;
				CLANG_WARN_OBJC_IMPLICIT_RETAIN_SELF = YES;
				CLANG_WARN_OBJC_LITERAL_CONVERSION = YES;
				CLANG_WARN_OBJC_ROOT_CLASS = YES_ERROR;
				CLANG_WARN_QUOTED_INCLUDE_IN_FRAMEWORK_HEADER = YES;
				CLANG_WARN_RANGE_LOOP_ANALYSIS = YES;
				CLANG_WARN_STRICT_PROTOTYPES = YES;
				CLANG_WARN_SUSPICIOUS_MOVE = YES;
				CLANG_WARN_UNGUARDED_AVAILABILITY = YES_AGGRESSIVE;
				CLANG_WARN_UNREACHABLE_CODE = YES;
				CLANG_WARN__DUPLICATE_METHOD_MATCH = YES;
				COPY_PHASE_STRIP = NO;
				DEBUG_INFORMATION_FORMAT = dwarf;
				ENABLE_STRICT_OBJC_MSGSEND = YES;
				ENABLE_TESTABILITY = YES;
				GCC_C_LANGUAGE_STANDARD = gnu11;
				GCC_DYNAMIC_NO_PIC = NO;
				GCC_NO_COMMON_BLOCKS = YES;
				GCC_OPTIMIZATION_LEVEL = 0;
				GCC_PREPROCESSOR_DEFINITIONS = (
					"DEBUG=1",
					"$(inherited)",
				);
				GCC_WARN_64_TO_32_BIT_CONVERSION = YES;
				GCC_WARN_ABOUT_RETURN_TYPE = YES_ERROR;
				GCC_WARN_UNDECLARED_SELECTOR = YES;
				GCC_WARN_UNINITIALIZED_AUTOS = YES_AGGRESSIVE;
				GCC_WARN_UNUSED_FUNCTION = YES;
				GCC_WARN_UNUSED_VARIABLE = YES;
				IPHONEOS_DEPLOYMENT_TARGET = 16.4;
				MTL_ENABLE_DEBUG_INFO = INCLUDE_SOURCE;
				MTL_FAST_MATH = YES;
				ONLY_ACTIVE_ARCH = YES;
				SDKROOT = iphoneos;
				SWIFT_ACTIVE_COMPILATION_CONDITIONS = DEBUG;
				SWIFT_OPTIMIZATION_LEVEL = "-Onone";
			};
			name = Debug;
		};
		089A7E0C2AB181E000E5ACCE /* Release */ = {
			isa = XCBuildConfiguration;
			buildSettings = {
				ALWAYS_SEARCH_USER_PATHS = NO;
				CLANG_ANALYZER_NONNULL = YES;
				CLANG_ANALYZER_NUMBER_OBJECT_CONVERSION = YES_AGGRESSIVE;
				CLANG_CXX_LANGUAGE_STANDARD = "gnu++20";
				CLANG_ENABLE_MODULES = YES;
				CLANG_ENABLE_OBJC_ARC = YES;
				CLANG_ENABLE_OBJC_WEAK = YES;
				CLANG_WARN_BLOCK_CAPTURE_AUTORELEASING = YES;
				CLANG_WARN_BOOL_CONVERSION = YES;
				CLANG_WARN_COMMA = YES;
				CLANG_WARN_CONSTANT_CONVERSION = YES;
				CLANG_WARN_DEPRECATED_OBJC_IMPLEMENTATIONS = YES;
				CLANG_WARN_DIRECT_OBJC_ISA_USAGE = YES_ERROR;
				CLANG_WARN_DOCUMENTATION_COMMENTS = YES;
				CLANG_WARN_EMPTY_BODY = YES;
				CLANG_WARN_ENUM_CONVERSION = YES;
				CLANG_WARN_INFINITE_RECURSION = YES;
				CLANG_WARN_INT_CONVERSION = YES;
				CLANG_WARN_NON_LITERAL_NULL_CONVERSION = YES;
				CLANG_WARN_OBJC_IMPLICIT_RETAIN_SELF = YES;
				CLANG_WARN_OBJC_LITERAL_CONVERSION = YES;
				CLANG_WARN_OBJC_ROOT_CLASS = YES_ERROR;
				CLANG_WARN_QUOTED_INCLUDE_IN_FRAMEWORK_HEADER = YES;
				CLANG_WARN_RANGE_LOOP_ANALYSIS = YES;
				CLANG_WARN_STRICT_PROTOTYPES = YES;
				CLANG_WARN_SUSPICIOUS_MOVE = YES;
				CLANG_WARN_UNGUARDED_AVAILABILITY = YES_AGGRESSIVE;
				CLANG_WARN_UNREACHABLE_CODE = YES;
				CLANG_WARN__DUPLICATE_METHOD_MATCH = YES;
				COPY_PHASE_STRIP = NO;
				DEBUG_INFORMATION_FORMAT = "dwarf-with-dsym";
				ENABLE_NS_ASSERTIONS = NO;
				ENABLE_STRICT_OBJC_MSGSEND = YES;
				GCC_C_LANGUAGE_STANDARD = gnu11;
				GCC_NO_COMMON_BLOCKS = YES;
				GCC_WARN_64_TO_32_BIT_CONVERSION = YES;
				GCC_WARN_ABOUT_RETURN_TYPE = YES_ERROR;
				GCC_WARN_UNDECLARED_SELECTOR = YES;
				GCC_WARN_UNINITIALIZED_AUTOS = YES_AGGRESSIVE;
				GCC_WARN_UNUSED_FUNCTION = YES;
				GCC_WARN_UNUSED_VARIABLE = YES;
				IPHONEOS_DEPLOYMENT_TARGET = 16.4;
				MTL_ENABLE_DEBUG_INFO = NO;
				MTL_FAST_MATH = YES;
				SDKROOT = iphoneos;
				SWIFT_COMPILATION_MODE = wholemodule;
				SWIFT_OPTIMIZATION_LEVEL = "-O";
				VALIDATE_PRODUCT = YES;
			};
			name = Release;
		};
		089A7E0E2AB181E000E5ACCE /* Debug */ = {
			isa = XCBuildConfiguration;
			buildSettings = {
				ASSETCATALOG_COMPILER_APPICON_NAME = AppIcon;
				ASSETCATALOG_COMPILER_GLOBAL_ACCENT_COLOR_NAME = AccentColor;
				CODE_SIGN_STYLE = Automatic;
				CURRENT_PROJECT_VERSION = 1;
				GENERATE_INFOPLIST_FILE = YES;
				INFOPLIST_FILE = MemberList/Info.plist;
				INFOPLIST_KEY_UIApplicationSupportsIndirectInputEvents = YES;
				INFOPLIST_KEY_UILaunchStoryboardName = LaunchScreen;
				INFOPLIST_KEY_UIMainStoryboardFile = Main;
				INFOPLIST_KEY_UISupportedInterfaceOrientations = "UIInterfaceOrientationLandscapeRight UIInterfaceOrientationPortrait";
				INFOPLIST_KEY_UISupportedInterfaceOrientations_iPad = "UIInterfaceOrientationLandscapeLeft UIInterfaceOrientationLandscapeRight UIInterfaceOrientationPortrait UIInterfaceOrientationPortraitUpsideDown";
				LD_RUNPATH_SEARCH_PATHS = (
					"$(inherited)",
					"@executable_path/Frameworks",
				);
				MARKETING_VERSION = 1.0;
				PRODUCT_BUNDLE_IDENTIFIER = skkim.MemberList;
				PRODUCT_NAME = "$(TARGET_NAME)";
				SUPPORTED_PLATFORMS = "iphoneos iphonesimulator";
				SUPPORTS_MACCATALYST = NO;
				SUPPORTS_MAC_DESIGNED_FOR_IPHONE_IPAD = NO;
				SWIFT_EMIT_LOC_STRINGS = YES;
				SWIFT_VERSION = 5.0;
				TARGETED_DEVICE_FAMILY = 1;
			};
			name = Debug;
		};
		089A7E0F2AB181E000E5ACCE /* Release */ = {
			isa = XCBuildConfiguration;
			buildSettings = {
				ASSETCATALOG_COMPILER_APPICON_NAME = AppIcon;
				ASSETCATALOG_COMPILER_GLOBAL_ACCENT_COLOR_NAME = AccentColor;
				CODE_SIGN_STYLE = Automatic;
				CURRENT_PROJECT_VERSION = 1;
				GENERATE_INFOPLIST_FILE = YES;
				INFOPLIST_FILE = MemberList/Info.plist;
				INFOPLIST_KEY_UIApplicationSupportsIndirectInputEvents = YES;
				INFOPLIST_KEY_UILaunchStoryboardName = LaunchScreen;
				INFOPLIST_KEY_UIMainStoryboardFile = Main;
				INFOPLIST_KEY_UISupportedInterfaceOrientations = "UIInterfaceOrientationLandscapeRight UIInterfaceOrientationPortrait";
				INFOPLIST_KEY_UISupportedInterfaceOrientations_iPad = "UIInterfaceOrientationLandscapeLeft UIInterfaceOrientationLandscapeRight UIInterfaceOrientationPortrait UIInterfaceOrientationPortraitUpsideDown";
				LD_RUNPATH_SEARCH_PATHS = (
					"$(inherited)",
					"@executable_path/Frameworks",
				);
				MARKETING_VERSION = 1.0;
				PRODUCT_BUNDLE_IDENTIFIER = skkim.MemberList;
				PRODUCT_NAME = "$(TARGET_NAME)";
				SUPPORTED_PLATFORMS = "iphoneos iphonesimulator";
				SUPPORTS_MACCATALYST = NO;
				SUPPORTS_MAC_DESIGNED_FOR_IPHONE_IPAD = NO;
				SWIFT_EMIT_LOC_STRINGS = YES;
				SWIFT_VERSION = 5.0;
				TARGETED_DEVICE_FAMILY = 1;
			};
			name = Release;
		};
/* End XCBuildConfiguration section */

/* Begin XCConfigurationList section */
		089A7DF42AB181DE00E5ACCE /* Build configuration list for PBXProject "MemberList" */ = {
			isa = XCConfigurationList;
			buildConfigurations = (
				089A7E0B2AB181E000E5ACCE /* Debug */,
				089A7E0C2AB181E000E5ACCE /* Release */,
			);
			defaultConfigurationIsVisible = 0;
			defaultConfigurationName = Release;
		};
		089A7E0D2AB181E000E5ACCE /* Build configuration list for PBXNativeTarget "MemberList" */ = {
			isa = XCConfigurationList;
			buildConfigurations = (
				089A7E0E2AB181E000E5ACCE /* Debug */,
				089A7E0F2AB181E000E5ACCE /* Release */,
			);
			defaultConfigurationIsVisible = 0;
			defaultConfigurationName = Release;
		};
/* End XCConfigurationList section */
	};
	rootObject = 089A7DF12AB181DE00E5ACCE /* Project object */;
}
