// !$*UTF8*$!
{
	archiveVersion = 1;
	classes = {
	};
	objectVersion = 56;
	objects = {

/* Begin PBXBuildFile section */
		08D2550E2AB0944F0025C883 /* AppDelegate.swift in Sources */ = {isa = PBXBuildFile; fileRef = 08D2550D2AB0944F0025C883 /* AppDelegate.swift */; };
		08D255102AB0944F0025C883 /* SceneDelegate.swift in Sources */ = {isa = PBXBuildFile; fileRef = 08D2550F2AB0944F0025C883 /* SceneDelegate.swift */; };
		08D255122AB0944F0025C883 /* ViewController.swift in Sources */ = {isa = PBXBuildFile; fileRef = 08D255112AB0944F0025C883 /* ViewController.swift */; };
		08D255152AB0944F0025C883 /* Main.storyboard in Resources */ = {isa = PBXBuildFile; fileRef = 08D255132AB0944F0025C883 /* Main.storyboard */; };
		08D255172AB094510025C883 /* Assets.xcassets in Resources */ = {isa = PBXBuildFile; fileRef = 08D255162AB094510025C883 /* Assets.xcassets */; };
		08D2551A2AB094510025C883 /* LaunchScreen.storyboard in Resources */ = {isa = PBXBuildFile; fileRef = 08D255182AB094510025C883 /* LaunchScreen.storyboard */; };
		08D255252AB0976F0025C883 /* Movie.swift in Sources */ = {isa = PBXBuildFile; fileRef = 08D255242AB0976F0025C883 /* Movie.swift */; };
		08D255272AB097B90025C883 /* DataManager.swift in Sources */ = {isa = PBXBuildFile; fileRef = 08D255262AB097B90025C883 /* DataManager.swift */; };
		08D255292AB09A7D0025C883 /* MyTableViewCell.swift in Sources */ = {isa = PBXBuildFile; fileRef = 08D255282AB09A7D0025C883 /* MyTableViewCell.swift */; };
		08D2552B2AB09F1D0025C883 /* DetailViewController.swift in Sources */ = {isa = PBXBuildFile; fileRef = 08D2552A2AB09F1D0025C883 /* DetailViewController.swift */; };
		08D2552D2AB09F550025C883 /* DetailView.swift in Sources */ = {isa = PBXBuildFile; fileRef = 08D2552C2AB09F550025C883 /* DetailView.swift */; };
/* End PBXBuildFile section */

/* Begin PBXFileReference section */
		08D2550A2AB0944F0025C883 /* TableViewWithCode.app */ = {isa = PBXFileReference; explicitFileType = wrapper.application; includeInIndex = 0; path = TableViewWithCode.app; sourceTree = BUILT_PRODUCTS_DIR; };
		08D2550D2AB0944F0025C883 /* AppDelegate.swift */ = {isa = PBXFileReference; lastKnownFileType = sourcecode.swift; path = AppDelegate.swift; sourceTree = "<group>"; };
		08D2550F2AB0944F0025C883 /* SceneDelegate.swift */ = {isa = PBXFileReference; lastKnownFileType = sourcecode.swift; path = SceneDelegate.swift; sourceTree = "<group>"; };
		08D255112AB0944F0025C883 /* ViewController.swift */ = {isa = PBXFileReference; lastKnownFileType = sourcecode.swift; path = ViewController.swift; sourceTree = "<group>"; };
		08D255142AB0944F0025C883 /* Base */ = {isa = PBXFileReference; lastKnownFileType = file.storyboard; name = Base; path = Base.lproj/Main.storyboard; sourceTree = "<group>"; };
		08D255162AB094510025C883 /* Assets.xcassets */ = {isa = PBXFileReference; lastKnownFileType = folder.assetcatalog; path = Assets.xcassets; sourceTree = "<group>"; };
		08D255192AB094510025C883 /* Base */ = {isa = PBXFileReference; lastKnownFileType = file.storyboard; name = Base; path = Base.lproj/LaunchScreen.storyboard; sourceTree = "<group>"; };
		08D2551B2AB094510025C883 /* Info.plist */ = {isa = PBXFileReference; lastKnownFileType = text.plist.xml; path = Info.plist; sourceTree = "<group>"; };
		08D255242AB0976F0025C883 /* Movie.swift */ = {isa = PBXFileReference; lastKnownFileType = sourcecode.swift; path = Movie.swift; sourceTree = "<group>"; };
		08D255262AB097B90025C883 /* DataManager.swift */ = {isa = PBXFileReference; lastKnownFileType = sourcecode.swift; path = DataManager.swift; sourceTree = "<group>"; };
		08D255282AB09A7D0025C883 /* MyTableViewCell.swift */ = {isa = PBXFileReference; lastKnownFileType = sourcecode.swift; path = MyTableViewCell.swift; sourceTree = "<group>"; };
		08D2552A2AB09F1D0025C883 /* DetailViewController.swift */ = {isa = PBXFileReference; lastKnownFileType = sourcecode.swift; path = DetailViewController.swift; sourceTree = "<group>"; };
		08D2552C2AB09F550025C883 /* DetailView.swift */ = {isa = PBXFileReference; lastKnownFileType = sourcecode.swift; path = DetailView.swift; sourceTree = "<group>"; };
/* End PBXFileReference section */

/* Begin PBXFrameworksBuildPhase section */
		08D255072AB0944F0025C883 /* Frameworks */ = {
			isa = PBXFrameworksBuildPhase;
			buildActionMask = 2147483647;
			files = (
			);
			runOnlyForDeploymentPostprocessing = 0;
		};
/* End PBXFrameworksBuildPhase section */

/* Begin PBXGroup section */
		08D255012AB0944F0025C883 = {
			isa = PBXGroup;
			children = (
				08D2550C2AB0944F0025C883 /* TableViewWithCode */,
				08D2550B2AB0944F0025C883 /* Products */,
			);
			sourceTree = "<group>";
		};
		08D2550B2AB0944F0025C883 /* Products */ = {
			isa = PBXGroup;
			children = (
				08D2550A2AB0944F0025C883 /* TableViewWithCode.app */,
			);
			name = Products;
			sourceTree = "<group>";
		};
		08D2550C2AB0944F0025C883 /* TableViewWithCode */ = {
			isa = PBXGroup;
			children = (
				08D2550D2AB0944F0025C883 /* AppDelegate.swift */,
				08D2550F2AB0944F0025C883 /* SceneDelegate.swift */,
				08D255232AB096EB0025C883 /* Models */,
				08D255222AB096E10025C883 /* Views */,
				08D255212AB096D40025C883 /* Controllers */,
				08D255132AB0944F0025C883 /* Main.storyboard */,
				08D255162AB094510025C883 /* Assets.xcassets */,
				08D255182AB094510025C883 /* LaunchScreen.storyboard */,
				08D2551B2AB094510025C883 /* Info.plist */,
			);
			path = TableViewWithCode;
			sourceTree = "<group>";
		};
		08D255212AB096D40025C883 /* Controllers */ = {
			isa = PBXGroup;
			children = (
				08D255112AB0944F0025C883 /* ViewController.swift */,
				08D2552A2AB09F1D0025C883 /* DetailViewController.swift */,
			);
			path = Controllers;
			sourceTree = "<group>";
		};
		08D255222AB096E10025C883 /* Views */ = {
			isa = PBXGroup;
			children = (
				08D255282AB09A7D0025C883 /* MyTableViewCell.swift */,
				08D2552C2AB09F550025C883 /* DetailView.swift */,
			);
			path = Views;
			sourceTree = "<group>";
		};
		08D255232AB096EB0025C883 /* Models */ = {
			isa = PBXGroup;
			children = (
				08D255242AB0976F0025C883 /* Movie.swift */,
				08D255262AB097B90025C883 /* DataManager.swift */,
			);
			path = Models;
			sourceTree = "<group>";
		};
/* End PBXGroup section */

/* Begin PBXNativeTarget section */
		08D255092AB0944F0025C883 /* TableViewWithCode */ = {
			isa = PBXNativeTarget;
			buildConfigurationList = 08D2551E2AB094510025C883 /* Build configuration list for PBXNativeTarget "TableViewWithCode" */;
			buildPhases = (
				08D255062AB0944F0025C883 /* Sources */,
				08D255072AB0944F0025C883 /* Frameworks */,
				08D255082AB0944F0025C883 /* Resources */,
			);
			buildRules = (
			);
			dependencies = (
			);
			name = TableViewWithCode;
			productName = TableViewWithCode;
			productReference = 08D2550A2AB0944F0025C883 /* TableViewWithCode.app */;
			productType = "com.apple.product-type.application";
		};
/* End PBXNativeTarget section */

/* Begin PBXProject section */
		08D255022AB0944F0025C883 /* Project object */ = {
			isa = PBXProject;
			attributes = {
				BuildIndependentTargetsInParallel = 1;
				LastSwiftUpdateCheck = 1430;
				LastUpgradeCheck = 1430;
				TargetAttributes = {
					08D255092AB0944F0025C883 = {
						CreatedOnToolsVersion = 14.3.1;
					};
				};
			};
			buildConfigurationList = 08D255052AB0944F0025C883 /* Build configuration list for PBXProject "TableViewWithCode" */;
			compatibilityVersion = "Xcode 14.0";
			developmentRegion = en;
			hasScannedForEncodings = 0;
			knownRegions = (
				en,
				Base,
			);
			mainGroup = 08D255012AB0944F0025C883;
			productRefGroup = 08D2550B2AB0944F0025C883 /* Products */;
			projectDirPath = "";
			projectRoot = "";
			targets = (
				08D255092AB0944F0025C883 /* TableViewWithCode */,
			);
		};
/* End PBXProject section */

/* Begin PBXResourcesBuildPhase section */
		08D255082AB0944F0025C883 /* Resources */ = {
			isa = PBXResourcesBuildPhase;
			buildActionMask = 2147483647;
			files = (
				08D2551A2AB094510025C883 /* LaunchScreen.storyboard in Resources */,
				08D255172AB094510025C883 /* Assets.xcassets in Resources */,
				08D255152AB0944F0025C883 /* Main.storyboard in Resources */,
			);
			runOnlyForDeploymentPostprocessing = 0;
		};
/* End PBXResourcesBuildPhase section */

/* Begin PBXSourcesBuildPhase section */
		08D255062AB0944F0025C883 /* Sources */ = {
			isa = PBXSourcesBuildPhase;
			buildActionMask = 2147483647;
			files = (
				08D255122AB0944F0025C883 /* ViewController.swift in Sources */,
				08D2552D2AB09F550025C883 /* DetailView.swift in Sources */,
				08D255272AB097B90025C883 /* DataManager.swift in Sources */,
				08D2550E2AB0944F0025C883 /* AppDelegate.swift in Sources */,
				08D255252AB0976F0025C883 /* Movie.swift in Sources */,
				08D255102AB0944F0025C883 /* SceneDelegate.swift in Sources */,
				08D255292AB09A7D0025C883 /* MyTableViewCell.swift in Sources */,
				08D2552B2AB09F1D0025C883 /* DetailViewController.swift in Sources */,
			);
			runOnlyForDeploymentPostprocessing = 0;
		};
/* End PBXSourcesBuildPhase section */

/* Begin PBXVariantGroup section */
		08D255132AB0944F0025C883 /* Main.storyboard */ = {
			isa = PBXVariantGroup;
			children = (
				08D255142AB0944F0025C883 /* Base */,
			);
			name = Main.storyboard;
			sourceTree = "<group>";
		};
		08D255182AB094510025C883 /* LaunchScreen.storyboard */ = {
			isa = PBXVariantGroup;
			children = (
				08D255192AB094510025C883 /* Base */,
			);
			name = LaunchScreen.storyboard;
			sourceTree = "<group>";
		};
/* End PBXVariantGroup section */

/* Begin XCBuildConfiguration section */
		08D2551C2AB094510025C883 /* Debug */ = {
			isa = XCBuildConfiguration;
			buildSettings = {
				ALWAYS_SEARCH_USER_PATHS = NO;
				CLANG_ANALYZER_NONNULL = YES;
				CLANG_ANALYZER_NUMBER_OBJECT_CONVERSION = YES_AGGRESSIVE;
				CLANG_CXX_LANGUAGE_STANDARD = "gnu++20";
				CLANG_ENABLE_MODULES = YES;
				CLANG_ENABLE_OBJC_ARC = YES;
				CLANG_ENABLE_OBJC_WEAK = YES;
				CLANG_WARN_BLOCK_CAPTURE_AUTORELEASING = YES;
				CLANG_WARN_BOOL_CONVERSION = YES;
				CLANG_WARN_COMMA = YES;
				CLANG_WARN_CONSTANT_CONVERSION = YES;
				CLANG_WARN_DEPRECATED_OBJC_IMPLEMENTATIONS = YES;
				CLANG_WARN_DIRECT_OBJC_ISA_USAGE = YES_ERROR;
				CLANG_WARN_DOCUMENTATION_COMMENTS = YES;
				CLANG_WARN_EMPTY_BODY = YES;
				CLANG_WARN_ENUM_CONVERSION = YES;
				CLANG_WARN_INFINITE_RECURSION = YES;
				CLANG_WARN_INT_CONVERSION = YES;
				CLANG_WARN_NON_LITERAL_NULL_CONVERSION = YES;
				CLANG_WARN_OBJC_IMPLICIT_RETAIN_SELF = YES;
				CLANG_WARN_OBJC_LITERAL_CONVERSION = YES;
				CLANG_WARN_OBJC_ROOT_CLASS = YES_ERROR;
				CLANG_WARN_QUOTED_INCLUDE_IN_FRAMEWORK_HEADER = YES;
				CLANG_WARN_RANGE_LOOP_ANALYSIS = YES;
				CLANG_WARN_STRICT_PROTOTYPES = YES;
				CLANG_WARN_SUSPICIOUS_MOVE = YES;
				CLANG_WARN_UNGUARDED_AVAILABILITY = YES_AGGRESSIVE;
				CLANG_WARN_UNREACHABLE_CODE = YES;
				CLANG_WARN__DUPLICATE_METHOD_MATCH = YES;
				COPY_PHASE_STRIP = NO;
				DEBUG_INFORMATION_FORMAT = dwarf;
				ENABLE_STRICT_OBJC_MSGSEND = YES;
				ENABLE_TESTABILITY = YES;
				GCC_C_LANGUAGE_STANDARD = gnu11;
				GCC_DYNAMIC_NO_PIC = NO;
				GCC_NO_COMMON_BLOCKS = YES;
				GCC_OPTIMIZATION_LEVEL = 0;
				GCC_PREPROCESSOR_DEFINITIONS = (
					"DEBUG=1",
					"$(inherited)",
				);
				GCC_WARN_64_TO_32_BIT_CONVERSION = YES;
				GCC_WARN_ABOUT_RETURN_TYPE = YES_ERROR;
				GCC_WARN_UNDECLARED_SELECTOR = YES;
				GCC_WARN_UNINITIALIZED_AUTOS = YES_AGGRESSIVE;
				GCC_WARN_UNUSED_FUNCTION = YES;
				GCC_WARN_UNUSED_VARIABLE = YES;
				IPHONEOS_DEPLOYMENT_TARGET = 16.4;
				MTL_ENABLE_DEBUG_INFO = INCLUDE_SOURCE;
				MTL_FAST_MATH = YES;
				ONLY_ACTIVE_ARCH = YES;
				SDKROOT = iphoneos;
				SWIFT_ACTIVE_COMPILATION_CONDITIONS = DEBUG;
				SWIFT_OPTIMIZATION_LEVEL = "-Onone";
			};
			name = Debug;
		};
		08D2551D2AB094510025C883 /* Release */ = {
			isa = XCBuildConfiguration;
			buildSettings = {
				ALWAYS_SEARCH_USER_PATHS = NO;
				CLANG_ANALYZER_NONNULL = YES;
				CLANG_ANALYZER_NUMBER_OBJECT_CONVERSION = YES_AGGRESSIVE;
				CLANG_CXX_LANGUAGE_STANDARD = "gnu++20";
				CLANG_ENABLE_MODULES = YES;
				CLANG_ENABLE_OBJC_ARC = YES;
				CLANG_ENABLE_OBJC_WEAK = YES;
				CLANG_WARN_BLOCK_CAPTURE_AUTORELEASING = YES;
				CLANG_WARN_BOOL_CONVERSION = YES;
				CLANG_WARN_COMMA = YES;
				CLANG_WARN_CONSTANT_CONVERSION = YES;
				CLANG_WARN_DEPRECATED_OBJC_IMPLEMENTATIONS = YES;
				CLANG_WARN_DIRECT_OBJC_ISA_USAGE = YES_ERROR;
				CLANG_WARN_DOCUMENTATION_COMMENTS = YES;
				CLANG_WARN_EMPTY_BODY = YES;
				CLANG_WARN_ENUM_CONVERSION = YES;
				CLANG_WARN_INFINITE_RECURSION = YES;
				CLANG_WARN_INT_CONVERSION = YES;
				CLANG_WARN_NON_LITERAL_NULL_CONVERSION = YES;
				CLANG_WARN_OBJC_IMPLICIT_RETAIN_SELF = YES;
				CLANG_WARN_OBJC_LITERAL_CONVERSION = YES;
				CLANG_WARN_OBJC_ROOT_CLASS = YES_ERROR;
				CLANG_WARN_QUOTED_INCLUDE_IN_FRAMEWORK_HEADER = YES;
				CLANG_WARN_RANGE_LOOP_ANALYSIS = YES;
				CLANG_WARN_STRICT_PROTOTYPES = YES;
				CLANG_WARN_SUSPICIOUS_MOVE = YES;
				CLANG_WARN_UNGUARDED_AVAILABILITY = YES_AGGRESSIVE;
				CLANG_WARN_UNREACHABLE_CODE = YES;
				CLANG_WARN__DUPLICATE_METHOD_MATCH = YES;
				COPY_PHASE_STRIP = NO;
				DEBUG_INFORMATION_FORMAT = "dwarf-with-dsym";
				ENABLE_NS_ASSERTIONS = NO;
				ENABLE_STRICT_OBJC_MSGSEND = YES;
				GCC_C_LANGUAGE_STANDARD = gnu11;
				GCC_NO_COMMON_BLOCKS = YES;
				GCC_WARN_64_TO_32_BIT_CONVERSION = YES;
				GCC_WARN_ABOUT_RETURN_TYPE = YES_ERROR;
				GCC_WARN_UNDECLARED_SELECTOR = YES;
				GCC_WARN_UNINITIALIZED_AUTOS = YES_AGGRESSIVE;
				GCC_WARN_UNUSED_FUNCTION = YES;
				GCC_WARN_UNUSED_VARIABLE = YES;
				IPHONEOS_DEPLOYMENT_TARGET = 16.4;
				MTL_ENABLE_DEBUG_INFO = NO;
				MTL_FAST_MATH = YES;
				SDKROOT = iphoneos;
				SWIFT_COMPILATION_MODE = wholemodule;
				SWIFT_OPTIMIZATION_LEVEL = "-O";
				VALIDATE_PRODUCT = YES;
			};
			name = Release;
		};
		08D2551F2AB094510025C883 /* Debug */ = {
			isa = XCBuildConfiguration;
			buildSettings = {
				ASSETCATALOG_COMPILER_APPICON_NAME = AppIcon;
				ASSETCATALOG_COMPILER_GLOBAL_ACCENT_COLOR_NAME = AccentColor;
				CODE_SIGN_STYLE = Automatic;
				CURRENT_PROJECT_VERSION = 1;
				GENERATE_INFOPLIST_FILE = YES;
				INFOPLIST_FILE = TableViewWithCode/Info.plist;
				INFOPLIST_KEY_UIApplicationSupportsIndirectInputEvents = YES;
				INFOPLIST_KEY_UILaunchStoryboardName = LaunchScreen;
				INFOPLIST_KEY_UIMainStoryboardFile = Main;
				INFOPLIST_KEY_UISupportedInterfaceOrientations = UIInterfaceOrientationPortrait;
				INFOPLIST_KEY_UISupportedInterfaceOrientations_iPad = "UIInterfaceOrientationLandscapeLeft UIInterfaceOrientationLandscapeRight UIInterfaceOrientationPortrait UIInterfaceOrientationPortraitUpsideDown";
				IPHONEOS_DEPLOYMENT_TARGET = 14.0;
				LD_RUNPATH_SEARCH_PATHS = (
					"$(inherited)",
					"@executable_path/Frameworks",
				);
				MARKETING_VERSION = 1.0;
				PRODUCT_BUNDLE_IDENTIFIER = skkim.TableViewWithCode;
				PRODUCT_NAME = "$(TARGET_NAME)";
				SUPPORTED_PLATFORMS = "iphoneos iphonesimulator";
				SUPPORTS_MACCATALYST = NO;
				SUPPORTS_MAC_DESIGNED_FOR_IPHONE_IPAD = NO;
				SWIFT_EMIT_LOC_STRINGS = YES;
				SWIFT_VERSION = 5.0;
				TARGETED_DEVICE_FAMILY = 1;
			};
			name = Debug;
		};
		08D255202AB094510025C883 /* Release */ = {
			isa = XCBuildConfiguration;
			buildSettings = {
				ASSETCATALOG_COMPILER_APPICON_NAME = AppIcon;
				ASSETCATALOG_COMPILER_GLOBAL_ACCENT_COLOR_NAME = AccentColor;
				CODE_SIGN_STYLE = Automatic;
				CURRENT_PROJECT_VERSION = 1;
				GENERATE_INFOPLIST_FILE = YES;
				INFOPLIST_FILE = TableViewWithCode/Info.plist;
				INFOPLIST_KEY_UIApplicationSupportsIndirectInputEvents = YES;
				INFOPLIST_KEY_UILaunchStoryboardName = LaunchScreen;
				INFOPLIST_KEY_UIMainStoryboardFile = Main;
				INFOPLIST_KEY_UISupportedInterfaceOrientations = UIInterfaceOrientationPortrait;
				INFOPLIST_KEY_UISupportedInterfaceOrientations_iPad = "UIInterfaceOrientationLandscapeLeft UIInterfaceOrientationLandscapeRight UIInterfaceOrientationPortrait UIInterfaceOrientationPortraitUpsideDown";
				IPHONEOS_DEPLOYMENT_TARGET = 14.0;
				LD_RUNPATH_SEARCH_PATHS = (
					"$(inherited)",
					"@executable_path/Frameworks",
				);
				MARKETING_VERSION = 1.0;
				PRODUCT_BUNDLE_IDENTIFIER = skkim.TableViewWithCode;
				PRODUCT_NAME = "$(TARGET_NAME)";
				SUPPORTED_PLATFORMS = "iphoneos iphonesimulator";
				SUPPORTS_MACCATALYST = NO;
				SUPPORTS_MAC_DESIGNED_FOR_IPHONE_IPAD = NO;
				SWIFT_EMIT_LOC_STRINGS = YES;
				SWIFT_VERSION = 5.0;
				TARGETED_DEVICE_FAMILY = 1;
			};
			name = Release;
		};
/* End XCBuildConfiguration section */

/* Begin XCConfigurationList section */
		08D255052AB0944F0025C883 /* Build configuration list for PBXProject "TableViewWithCode" */ = {
			isa = XCConfigurationList;
			buildConfigurations = (
				08D2551C2AB094510025C883 /* Debug */,
				08D2551D2AB094510025C883 /* Release */,
			);
			defaultConfigurationIsVisible = 0;
			defaultConfigurationName = Release;
		};
		08D2551E2AB094510025C883 /* Build configuration list for PBXNativeTarget "TableViewWithCode" */ = {
			isa = XCConfigurationList;
			buildConfigurations = (
				08D2551F2AB094510025C883 /* Debug */,
				08D255202AB094510025C883 /* Release */,
			);
			defaultConfigurationIsVisible = 0;
			defaultConfigurationName = Release;
		};
/* End XCConfigurationList section */
	};
	rootObject = 08D255022AB0944F0025C883 /* Project object */;
}
