// !$*UTF8*$!
{
	archiveVersion = 1;
	classes = {
	};
	objectVersion = 56;
	objects = {

/* Begin PBXBuildFile section */
		082C9AB22AA898990049DC9C /* AppDelegate.swift in Sources */ = {isa = PBXBuildFile; fileRef = 082C9AB12AA898990049DC9C /* AppDelegate.swift */; };
		082C9AB42AA898990049DC9C /* SceneDelegate.swift in Sources */ = {isa = PBXBuildFile; fileRef = 082C9AB32AA898990049DC9C /* SceneDelegate.swift */; };
		082C9AB62AA898990049DC9C /* LoginViewController.swift in Sources */ = {isa = PBXBuildFile; fileRef = 082C9AB52AA898990049DC9C /* LoginViewController.swift */; };
		082C9AB92AA898990049DC9C /* Main.storyboard in Resources */ = {isa = PBXBuildFile; fileRef = 082C9AB72AA898990049DC9C /* Main.storyboard */; };
		082C9ABB2AA8989A0049DC9C /* Assets.xcassets in Resources */ = {isa = PBXBuildFile; fileRef = 082C9ABA2AA8989A0049DC9C /* Assets.xcassets */; };
		082C9ABE2AA8989A0049DC9C /* LaunchScreen.storyboard in Resources */ = {isa = PBXBuildFile; fileRef = 082C9ABC2AA8989A0049DC9C /* LaunchScreen.storyboard */; };
		082C9AC82AA89DED0049DC9C /* FirstViewController.swift in Sources */ = {isa = PBXBuildFile; fileRef = 082C9AC72AA89DED0049DC9C /* FirstViewController.swift */; };
		082C9ACA2AA89ED30049DC9C /* SecondViewController.swift in Sources */ = {isa = PBXBuildFile; fileRef = 082C9AC92AA89ED30049DC9C /* SecondViewController.swift */; };
		082C9ACC2AA89EE10049DC9C /* ThirdViewController.swift in Sources */ = {isa = PBXBuildFile; fileRef = 082C9ACB2AA89EE10049DC9C /* ThirdViewController.swift */; };
		082C9ACE2AA89EF40049DC9C /* FourthViewController.swift in Sources */ = {isa = PBXBuildFile; fileRef = 082C9ACD2AA89EF40049DC9C /* FourthViewController.swift */; };
		082C9AD02AA89F0E0049DC9C /* FifthViewController.swift in Sources */ = {isa = PBXBuildFile; fileRef = 082C9ACF2AA89F0E0049DC9C /* FifthViewController.swift */; };
/* End PBXBuildFile section */

/* Begin PBXFileReference section */
		082C9AAE2AA898990049DC9C /* Nav&TabWithCode.app */ = {isa = PBXFileReference; explicitFileType = wrapper.application; includeInIndex = 0; path = "Nav&TabWithCode.app"; sourceTree = BUILT_PRODUCTS_DIR; };
		082C9AB12AA898990049DC9C /* AppDelegate.swift */ = {isa = PBXFileReference; lastKnownFileType = sourcecode.swift; path = AppDelegate.swift; sourceTree = "<group>"; };
		082C9AB32AA898990049DC9C /* SceneDelegate.swift */ = {isa = PBXFileReference; lastKnownFileType = sourcecode.swift; path = SceneDelegate.swift; sourceTree = "<group>"; };
		082C9AB52AA898990049DC9C /* LoginViewController.swift */ = {isa = PBXFileReference; lastKnownFileType = sourcecode.swift; path = LoginViewController.swift; sourceTree = "<group>"; };
		082C9AB82AA898990049DC9C /* Base */ = {isa = PBXFileReference; lastKnownFileType = file.storyboard; name = Base; path = Base.lproj/Main.storyboard; sourceTree = "<group>"; };
		082C9ABA2AA8989A0049DC9C /* Assets.xcassets */ = {isa = PBXFileReference; lastKnownFileType = folder.assetcatalog; path = Assets.xcassets; sourceTree = "<group>"; };
		082C9ABD2AA8989A0049DC9C /* Base */ = {isa = PBXFileReference; lastKnownFileType = file.storyboard; name = Base; path = Base.lproj/LaunchScreen.storyboard; sourceTree = "<group>"; };
		082C9ABF2AA8989A0049DC9C /* Info.plist */ = {isa = PBXFileReference; lastKnownFileType = text.plist.xml; path = Info.plist; sourceTree = "<group>"; };
		082C9AC72AA89DED0049DC9C /* FirstViewController.swift */ = {isa = PBXFileReference; lastKnownFileType = sourcecode.swift; path = FirstViewController.swift; sourceTree = "<group>"; };
		082C9AC92AA89ED30049DC9C /* SecondViewController.swift */ = {isa = PBXFileReference; lastKnownFileType = sourcecode.swift; path = SecondViewController.swift; sourceTree = "<group>"; };
		082C9ACB2AA89EE10049DC9C /* ThirdViewController.swift */ = {isa = PBXFileReference; lastKnownFileType = sourcecode.swift; path = ThirdViewController.swift; sourceTree = "<group>"; };
		082C9ACD2AA89EF40049DC9C /* FourthViewController.swift */ = {isa = PBXFileReference; lastKnownFileType = sourcecode.swift; path = FourthViewController.swift; sourceTree = "<group>"; };
		082C9ACF2AA89F0E0049DC9C /* FifthViewController.swift */ = {isa = PBXFileReference; lastKnownFileType = sourcecode.swift; path = FifthViewController.swift; sourceTree = "<group>"; };
/* End PBXFileReference section */

/* Begin PBXFrameworksBuildPhase section */
		082C9AAB2AA898990049DC9C /* Frameworks */ = {
			isa = PBXFrameworksBuildPhase;
			buildActionMask = 2147483647;
			files = (
			);
			runOnlyForDeploymentPostprocessing = 0;
		};
/* End PBXFrameworksBuildPhase section */

/* Begin PBXGroup section */
		082C9AA52AA898990049DC9C = {
			isa = PBXGroup;
			children = (
				082C9AB02AA898990049DC9C /* Nav&TabWithCode */,
				082C9AAF2AA898990049DC9C /* Products */,
			);
			sourceTree = "<group>";
		};
		082C9AAF2AA898990049DC9C /* Products */ = {
			isa = PBXGroup;
			children = (
				082C9AAE2AA898990049DC9C /* Nav&TabWithCode.app */,
			);
			name = Products;
			sourceTree = "<group>";
		};
		082C9AB02AA898990049DC9C /* Nav&TabWithCode */ = {
			isa = PBXGroup;
			children = (
				082C9AB12AA898990049DC9C /* AppDelegate.swift */,
				082C9AB32AA898990049DC9C /* SceneDelegate.swift */,
				082C9AB52AA898990049DC9C /* LoginViewController.swift */,
				082C9AB72AA898990049DC9C /* Main.storyboard */,
				082C9ABA2AA8989A0049DC9C /* Assets.xcassets */,
				082C9ABC2AA8989A0049DC9C /* LaunchScreen.storyboard */,
				082C9ABF2AA8989A0049DC9C /* Info.plist */,
				082C9AC72AA89DED0049DC9C /* FirstViewController.swift */,
				082C9AC92AA89ED30049DC9C /* SecondViewController.swift */,
				082C9ACB2AA89EE10049DC9C /* ThirdViewController.swift */,
				082C9ACD2AA89EF40049DC9C /* FourthViewController.swift */,
				082C9ACF2AA89F0E0049DC9C /* FifthViewController.swift */,
			);
			path = "Nav&TabWithCode";
			sourceTree = "<group>";
		};
/* End PBXGroup section */

/* Begin PBXNativeTarget section */
		082C9AAD2AA898990049DC9C /* Nav&TabWithCode */ = {
			isa = PBXNativeTarget;
			buildConfigurationList = 082C9AC22AA8989A0049DC9C /* Build configuration list for PBXNativeTarget "Nav&TabWithCode" */;
			buildPhases = (
				082C9AAA2AA898990049DC9C /* Sources */,
				082C9AAB2AA898990049DC9C /* Frameworks */,
				082C9AAC2AA898990049DC9C /* Resources */,
			);
			buildRules = (
			);
			dependencies = (
			);
			name = "Nav&TabWithCode";
			productName = "Nav&TabWithCode";
			productReference = 082C9AAE2AA898990049DC9C /* Nav&TabWithCode.app */;
			productType = "com.apple.product-type.application";
		};
/* End PBXNativeTarget section */

/* Begin PBXProject section */
		082C9AA62AA898990049DC9C /* Project object */ = {
			isa = PBXProject;
			attributes = {
				BuildIndependentTargetsInParallel = 1;
				LastSwiftUpdateCheck = 1430;
				LastUpgradeCheck = 1430;
				TargetAttributes = {
					082C9AAD2AA898990049DC9C = {
						CreatedOnToolsVersion = 14.3.1;
					};
				};
			};
			buildConfigurationList = 082C9AA92AA898990049DC9C /* Build configuration list for PBXProject "Nav&TabWithCode" */;
			compatibilityVersion = "Xcode 14.0";
			developmentRegion = en;
			hasScannedForEncodings = 0;
			knownRegions = (
				en,
				Base,
			);
			mainGroup = 082C9AA52AA898990049DC9C;
			productRefGroup = 082C9AAF2AA898990049DC9C /* Products */;
			projectDirPath = "";
			projectRoot = "";
			targets = (
				082C9AAD2AA898990049DC9C /* Nav&TabWithCode */,
			);
		};
/* End PBXProject section */

/* Begin PBXResourcesBuildPhase section */
		082C9AAC2AA898990049DC9C /* Resources */ = {
			isa = PBXResourcesBuildPhase;
			buildActionMask = 2147483647;
			files = (
				082C9ABE2AA8989A0049DC9C /* LaunchScreen.storyboard in Resources */,
				082C9ABB2AA8989A0049DC9C /* Assets.xcassets in Resources */,
				082C9AB92AA898990049DC9C /* Main.storyboard in Resources */,
			);
			runOnlyForDeploymentPostprocessing = 0;
		};
/* End PBXResourcesBuildPhase section */

/* Begin PBXSourcesBuildPhase section */
		082C9AAA2AA898990049DC9C /* Sources */ = {
			isa = PBXSourcesBuildPhase;
			buildActionMask = 2147483647;
			files = (
				082C9AD02AA89F0E0049DC9C /* FifthViewController.swift in Sources */,
				082C9ACA2AA89ED30049DC9C /* SecondViewController.swift in Sources */,
				082C9AC82AA89DED0049DC9C /* FirstViewController.swift in Sources */,
				082C9ACC2AA89EE10049DC9C /* ThirdViewController.swift in Sources */,
				082C9ACE2AA89EF40049DC9C /* FourthViewController.swift in Sources */,
				082C9AB62AA898990049DC9C /* LoginViewController.swift in Sources */,
				082C9AB22AA898990049DC9C /* AppDelegate.swift in Sources */,
				082C9AB42AA898990049DC9C /* SceneDelegate.swift in Sources */,
			);
			runOnlyForDeploymentPostprocessing = 0;
		};
/* End PBXSourcesBuildPhase section */

/* Begin PBXVariantGroup section */
		082C9AB72AA898990049DC9C /* Main.storyboard */ = {
			isa = PBXVariantGroup;
			children = (
				082C9AB82AA898990049DC9C /* Base */,
			);
			name = Main.storyboard;
			sourceTree = "<group>";
		};
		082C9ABC2AA8989A0049DC9C /* LaunchScreen.storyboard */ = {
			isa = PBXVariantGroup;
			children = (
				082C9ABD2AA8989A0049DC9C /* Base */,
			);
			name = LaunchScreen.storyboard;
			sourceTree = "<group>";
		};
/* End PBXVariantGroup section */

/* Begin XCBuildConfiguration section */
		082C9AC02AA8989A0049DC9C /* Debug */ = {
			isa = XCBuildConfiguration;
			buildSettings = {
				ALWAYS_SEARCH_USER_PATHS = NO;
				CLANG_ANALYZER_NONNULL = YES;
				CLANG_ANALYZER_NUMBER_OBJECT_CONVERSION = YES_AGGRESSIVE;
				CLANG_CXX_LANGUAGE_STANDARD = "gnu++20";
				CLANG_ENABLE_MODULES = YES;
				CLANG_ENABLE_OBJC_ARC = YES;
				CLANG_ENABLE_OBJC_WEAK = YES;
				CLANG_WARN_BLOCK_CAPTURE_AUTORELEASING = YES;
				CLANG_WARN_BOOL_CONVERSION = YES;
				CLANG_WARN_COMMA = YES;
				CLANG_WARN_CONSTANT_CONVERSION = YES;
				CLANG_WARN_DEPRECATED_OBJC_IMPLEMENTATIONS = YES;
				CLANG_WARN_DIRECT_OBJC_ISA_USAGE = YES_ERROR;
				CLANG_WARN_DOCUMENTATION_COMMENTS = YES;
				CLANG_WARN_EMPTY_BODY = YES;
				CLANG_WARN_ENUM_CONVERSION = YES;
				CLANG_WARN_INFINITE_RECURSION = YES;
				CLANG_WARN_INT_CONVERSION = YES;
				CLANG_WARN_NON_LITERAL_NULL_CONVERSION = YES;
				CLANG_WARN_OBJC_IMPLICIT_RETAIN_SELF = YES;
				CLANG_WARN_OBJC_LITERAL_CONVERSION = YES;
				CLANG_WARN_OBJC_ROOT_CLASS = YES_ERROR;
				CLANG_WARN_QUOTED_INCLUDE_IN_FRAMEWORK_HEADER = YES;
				CLANG_WARN_RANGE_LOOP_ANALYSIS = YES;
				CLANG_WARN_STRICT_PROTOTYPES = YES;
				CLANG_WARN_SUSPICIOUS_MOVE = YES;
				CLANG_WARN_UNGUARDED_AVAILABILITY = YES_AGGRESSIVE;
				CLANG_WARN_UNREACHABLE_CODE = YES;
				CLANG_WARN__DUPLICATE_METHOD_MATCH = YES;
				COPY_PHASE_STRIP = NO;
				DEBUG_INFORMATION_FORMAT = dwarf;
				ENABLE_STRICT_OBJC_MSGSEND = YES;
				ENABLE_TESTABILITY = YES;
				GCC_C_LANGUAGE_STANDARD = gnu11;
				GCC_DYNAMIC_NO_PIC = NO;
				GCC_NO_COMMON_BLOCKS = YES;
				GCC_OPTIMIZATION_LEVEL = 0;
				GCC_PREPROCESSOR_DEFINITIONS = (
					"DEBUG=1",
					"$(inherited)",
				);
				GCC_WARN_64_TO_32_BIT_CONVERSION = YES;
				GCC_WARN_ABOUT_RETURN_TYPE = YES_ERROR;
				GCC_WARN_UNDECLARED_SELECTOR = YES;
				GCC_WARN_UNINITIALIZED_AUTOS = YES_AGGRESSIVE;
				GCC_WARN_UNUSED_FUNCTION = YES;
				GCC_WARN_UNUSED_VARIABLE = YES;
				IPHONEOS_DEPLOYMENT_TARGET = 16.4;
				MTL_ENABLE_DEBUG_INFO = INCLUDE_SOURCE;
				MTL_FAST_MATH = YES;
				ONLY_ACTIVE_ARCH = YES;
				SDKROOT = iphoneos;
				SWIFT_ACTIVE_COMPILATION_CONDITIONS = DEBUG;
				SWIFT_OPTIMIZATION_LEVEL = "-Onone";
			};
			name = Debug;
		};
		082C9AC12AA8989A0049DC9C /* Release */ = {
			isa = XCBuildConfiguration;
			buildSettings = {
				ALWAYS_SEARCH_USER_PATHS = NO;
				CLANG_ANALYZER_NONNULL = YES;
				CLANG_ANALYZER_NUMBER_OBJECT_CONVERSION = YES_AGGRESSIVE;
				CLANG_CXX_LANGUAGE_STANDARD = "gnu++20";
				CLANG_ENABLE_MODULES = YES;
				CLANG_ENABLE_OBJC_ARC = YES;
				CLANG_ENABLE_OBJC_WEAK = YES;
				CLANG_WARN_BLOCK_CAPTURE_AUTORELEASING = YES;
				CLANG_WARN_BOOL_CONVERSION = YES;
				CLANG_WARN_COMMA = YES;
				CLANG_WARN_CONSTANT_CONVERSION = YES;
				CLANG_WARN_DEPRECATED_OBJC_IMPLEMENTATIONS = YES;
				CLANG_WARN_DIRECT_OBJC_ISA_USAGE = YES_ERROR;
				CLANG_WARN_DOCUMENTATION_COMMENTS = YES;
				CLANG_WARN_EMPTY_BODY = YES;
				CLANG_WARN_ENUM_CONVERSION = YES;
				CLANG_WARN_INFINITE_RECURSION = YES;
				CLANG_WARN_INT_CONVERSION = YES;
				CLANG_WARN_NON_LITERAL_NULL_CONVERSION = YES;
				CLANG_WARN_OBJC_IMPLICIT_RETAIN_SELF = YES;
				CLANG_WARN_OBJC_LITERAL_CONVERSION = YES;
				CLANG_WARN_OBJC_ROOT_CLASS = YES_ERROR;
				CLANG_WARN_QUOTED_INCLUDE_IN_FRAMEWORK_HEADER = YES;
				CLANG_WARN_RANGE_LOOP_ANALYSIS = YES;
				CLANG_WARN_STRICT_PROTOTYPES = YES;
				CLANG_WARN_SUSPICIOUS_MOVE = YES;
				CLANG_WARN_UNGUARDED_AVAILABILITY = YES_AGGRESSIVE;
				CLANG_WARN_UNREACHABLE_CODE = YES;
				CLANG_WARN__DUPLICATE_METHOD_MATCH = YES;
				COPY_PHASE_STRIP = NO;
				DEBUG_INFORMATION_FORMAT = "dwarf-with-dsym";
				ENABLE_NS_ASSERTIONS = NO;
				ENABLE_STRICT_OBJC_MSGSEND = YES;
				GCC_C_LANGUAGE_STANDARD = gnu11;
				GCC_NO_COMMON_BLOCKS = YES;
				GCC_WARN_64_TO_32_BIT_CONVERSION = YES;
				GCC_WARN_ABOUT_RETURN_TYPE = YES_ERROR;
				GCC_WARN_UNDECLARED_SELECTOR = YES;
				GCC_WARN_UNINITIALIZED_AUTOS = YES_AGGRESSIVE;
				GCC_WARN_UNUSED_FUNCTION = YES;
				GCC_WARN_UNUSED_VARIABLE = YES;
				IPHONEOS_DEPLOYMENT_TARGET = 16.4;
				MTL_ENABLE_DEBUG_INFO = NO;
				MTL_FAST_MATH = YES;
				SDKROOT = iphoneos;
				SWIFT_COMPILATION_MODE = wholemodule;
				SWIFT_OPTIMIZATION_LEVEL = "-O";
				VALIDATE_PRODUCT = YES;
			};
			name = Release;
		};
		082C9AC32AA8989A0049DC9C /* Debug */ = {
			isa = XCBuildConfiguration;
			buildSettings = {
				ASSETCATALOG_COMPILER_APPICON_NAME = AppIcon;
				ASSETCATALOG_COMPILER_GLOBAL_ACCENT_COLOR_NAME = AccentColor;
				CODE_SIGN_STYLE = Automatic;
				CURRENT_PROJECT_VERSION = 1;
				GENERATE_INFOPLIST_FILE = YES;
				INFOPLIST_FILE = "Nav&TabWithCode/Info.plist";
				INFOPLIST_KEY_UIApplicationSupportsIndirectInputEvents = YES;
				INFOPLIST_KEY_UILaunchStoryboardName = LaunchScreen;
				INFOPLIST_KEY_UIMainStoryboardFile = Main;
				INFOPLIST_KEY_UISupportedInterfaceOrientations_iPad = "UIInterfaceOrientationPortrait UIInterfaceOrientationPortraitUpsideDown UIInterfaceOrientationLandscapeLeft UIInterfaceOrientationLandscapeRight";
				INFOPLIST_KEY_UISupportedInterfaceOrientations_iPhone = "UIInterfaceOrientationPortrait UIInterfaceOrientationLandscapeLeft UIInterfaceOrientationLandscapeRight";
				IPHONEOS_DEPLOYMENT_TARGET = 14.0;
				LD_RUNPATH_SEARCH_PATHS = (
					"$(inherited)",
					"@executable_path/Frameworks",
				);
				MARKETING_VERSION = 1.0;
				PRODUCT_BUNDLE_IDENTIFIER = "skkim.Nav-TabWithCode";
				PRODUCT_NAME = "$(TARGET_NAME)";
				SUPPORTED_PLATFORMS = "iphoneos iphonesimulator";
				SUPPORTS_MACCATALYST = NO;
				SUPPORTS_MAC_DESIGNED_FOR_IPHONE_IPAD = NO;
				SWIFT_EMIT_LOC_STRINGS = YES;
				SWIFT_VERSION = 5.0;
				TARGETED_DEVICE_FAMILY = 1;
			};
			name = Debug;
		};
		082C9AC42AA8989A0049DC9C /* Release */ = {
			isa = XCBuildConfiguration;
			buildSettings = {
				ASSETCATALOG_COMPILER_APPICON_NAME = AppIcon;
				ASSETCATALOG_COMPILER_GLOBAL_ACCENT_COLOR_NAME = AccentColor;
				CODE_SIGN_STYLE = Automatic;
				CURRENT_PROJECT_VERSION = 1;
				GENERATE_INFOPLIST_FILE = YES;
				INFOPLIST_FILE = "Nav&TabWithCode/Info.plist";
				INFOPLIST_KEY_UIApplicationSupportsIndirectInputEvents = YES;
				INFOPLIST_KEY_UILaunchStoryboardName = LaunchScreen;
				INFOPLIST_KEY_UIMainStoryboardFile = Main;
				INFOPLIST_KEY_UISupportedInterfaceOrientations_iPad = "UIInterfaceOrientationPortrait UIInterfaceOrientationPortraitUpsideDown UIInterfaceOrientationLandscapeLeft UIInterfaceOrientationLandscapeRight";
				INFOPLIST_KEY_UISupportedInterfaceOrientations_iPhone = "UIInterfaceOrientationPortrait UIInterfaceOrientationLandscapeLeft UIInterfaceOrientationLandscapeRight";
				IPHONEOS_DEPLOYMENT_TARGET = 14.0;
				LD_RUNPATH_SEARCH_PATHS = (
					"$(inherited)",
					"@executable_path/Frameworks",
				);
				MARKETING_VERSION = 1.0;
				PRODUCT_BUNDLE_IDENTIFIER = "skkim.Nav-TabWithCode";
				PRODUCT_NAME = "$(TARGET_NAME)";
				SUPPORTED_PLATFORMS = "iphoneos iphonesimulator";
				SUPPORTS_MACCATALYST = NO;
				SUPPORTS_MAC_DESIGNED_FOR_IPHONE_IPAD = NO;
				SWIFT_EMIT_LOC_STRINGS = YES;
				SWIFT_VERSION = 5.0;
				TARGETED_DEVICE_FAMILY = 1;
			};
			name = Release;
		};
/* End XCBuildConfiguration section */

/* Begin XCConfigurationList section */
		082C9AA92AA898990049DC9C /* Build configuration list for PBXProject "Nav&TabWithCode" */ = {
			isa = XCConfigurationList;
			buildConfigurations = (
				082C9AC02AA8989A0049DC9C /* Debug */,
				082C9AC12AA8989A0049DC9C /* Release */,
			);
			defaultConfigurationIsVisible = 0;
			defaultConfigurationName = Release;
		};
		082C9AC22AA8989A0049DC9C /* Build configuration list for PBXNativeTarget "Nav&TabWithCode" */ = {
			isa = XCConfigurationList;
			buildConfigurations = (
				082C9AC32AA8989A0049DC9C /* Debug */,
				082C9AC42AA8989A0049DC9C /* Release */,
			);
			defaultConfigurationIsVisible = 0;
			defaultConfigurationName = Release;
		};
/* End XCConfigurationList section */
	};
	rootObject = 082C9AA62AA898990049DC9C /* Project object */;
}
